
Microsoft Visual Studio Solution File, Format Version 12.00
# Visual Studio Version 17
VisualStudioVersion = 17.4.33110.190
MinimumVisualStudioVersion = 10.0.40219.1
Project("{FAE04EC0-301F-11D3-BF4B-00C04F79EFBC}") = "C3", "C3\C3.csproj", "{53F6DE08-B66E-43EC-8E91-58FE255859A8}"
EndProject
Global
	GlobalSection(SolutionConfigurationPlatforms) = preSolution
		Debug|Any CPU = Debug|Any CPU
		Release|Any CPU = Release|Any CPU
	EndGlobalSection
	GlobalSection(ProjectConfigurationPlatforms) = postSolution
		{53F6DE08-B66E-43EC-8E91-58FE255859A8}.Debug|Any CPU.ActiveCfg = Debug|Any CPU
		{53F6DE08-B66E-43EC-8E91-58FE255859A8}.Debug|Any CPU.Build.0 = Debug|Any CPU
		{53F6DE08-B66E-43EC-8E91-58FE255859A8}.Release|Any CPU.ActiveCfg = Release|Any CPU
		{53F6DE08-B66E-43EC-8E91-58FE255859A8}.Release|Any CPU.Build.0 = Release|Any CPU
	EndGlobalSection
	GlobalSection(SolutionProperties) = preSolution
		HideSolutionNode = FALSE
	EndGlobalSection
	GlobalSection(ExtensibilityGlobals) = postSolution
		SolutionGuid = {40B03C64-9A0A-43E1-9097-66343B21E0C3}
	EndGlobalSection
EndGlobal
